
Microsoft Visual Studio Solution File, Format Version 12.00
# Visual Studio Version 17
VisualStudioVersion = 17.4.33205.214
MinimumVisualStudioVersion = 10.0.40219.1
Project("{9A19103F-16F7-4668-BE54-9A1E7A4F7556}") = "Dakity.AwsTools.R53.Ddns", "Dakity.AwsTools.R53.Ddns\Dakity.AwsTools.R53.Ddns.csproj", "{97FCEAFB-0D07-451B-9665-6EF45AD0D92C}"
EndProject
Global
	GlobalSection(SolutionConfigurationPlatforms) = preSolution
		Debug|Any CPU = Debug|Any CPU
		Release|Any CPU = Release|Any CPU
	EndGlobalSection
	GlobalSection(ProjectConfigurationPlatforms) = postSolution
		{97FCEAFB-0D07-451B-9665-6EF45AD0D92C}.Debug|Any CPU.ActiveCfg = Debug|Any CPU
		{97FCEAFB-0D07-451B-9665-6EF45AD0D92C}.Debug|Any CPU.Build.0 = Debug|Any CPU
		{97FCEAFB-0D07-451B-9665-6EF45AD0D92C}.Release|Any CPU.ActiveCfg = Release|Any CPU
		{97FCEAFB-0D07-451B-9665-6EF45AD0D92C}.Release|Any CPU.Build.0 = Release|Any CPU
	EndGlobalSection
	GlobalSection(SolutionProperties) = preSolution
		HideSolutionNode = FALSE
	EndGlobalSection
	GlobalSection(ExtensibilityGlobals) = postSolution
		SolutionGuid = {0A9AD054-D005-47EF-8EB5-873FBDE92EF8}
	EndGlobalSection
EndGlobal
